github.com/blicc-org/blicc v0.0.0-20190922155328-e35b51df6e0a h1:Fd9CoHUOmGxh629WSkUm42VLu9oLy+LPFjatRpxTO4w=
github.com/blicc-org/blicc/delivery v0.0.0-20190922155328-e35b51df6e0a h1:R2D/RlP+YPQ7aeblXn5njtfU2WsQZfKpbnRsk0Bc6ZE=
github.com/gorilla/websocket v1.4.1 h1:q7AeDBpnBk8AogcD4DSag/Ukw/KV+YhzLj2bP5HvKCM=
github.com/gorilla/websocket v1.4.1/go.mod h1:YR8l580nyteQvAITg2hZ9XVh4b55+EU/adAjf1fMHhE=
